
Microsoft Visual Studio Solution File, Format Version 12.00
# Visual Studio Version 16
VisualStudioVersion = 16.0.30225.117
MinimumVisualStudioVersion = 10.0.40219.1
Project("{FAE04EC0-301F-11D3-BF4B-00C04F79EFBC}") = "PhanTichThietKeHeThongThongTin", "PhanTichThietKeHeThongThongTin\PhanTichThietKeHeThongThongTin.csproj", "{11CCC16A-438A-41A0-925A-DAE7BD4AB49D}"
EndProject
Global
	GlobalSection(SolutionConfigurationPlatforms) = preSolution
		Debug|Any CPU = Debug|Any CPU
		Release|Any CPU = Release|Any CPU
	EndGlobalSection
	GlobalSection(ProjectConfigurationPlatforms) = postSolution
		{11CCC16A-438A-41A0-925A-DAE7BD4AB49D}.Debug|Any CPU.ActiveCfg = Debug|Any CPU
		{11CCC16A-438A-41A0-925A-DAE7BD4AB49D}.Debug|Any CPU.Build.0 = Debug|Any CPU
		{11CCC16A-438A-41A0-925A-DAE7BD4AB49D}.Release|Any CPU.ActiveCfg = Release|Any CPU
		{11CCC16A-438A-41A0-925A-DAE7BD4AB49D}.Release|Any CPU.Build.0 = Release|Any CPU
	EndGlobalSection
	GlobalSection(SolutionProperties) = preSolution
		HideSolutionNode = FALSE
	EndGlobalSection
	GlobalSection(ExtensibilityGlobals) = postSolution
		SolutionGuid = {C6E44A81-447E-4421-BB18-9878B3013305}
	EndGlobalSection
EndGlobal
